
Microsoft Visual Studio Solution File, Format Version 12.00
# Visual Studio Version 17
VisualStudioVersion = 17.9.34616.47
MinimumVisualStudioVersion = 10.0.40219.1
Project("{FAE04EC0-301F-11D3-BF4B-00C04F79EFBC}") = "File_Manager", "File_Manager\File_Manager.csproj", "{B4012188-9C68-4989-A9BD-0D5E3EFC625F}"
EndProject
Global
	GlobalSection(SolutionConfigurationPlatforms) = preSolution
		Debug|Any CPU = Debug|Any CPU
		Release|Any CPU = Release|Any CPU
	EndGlobalSection
	GlobalSection(ProjectConfigurationPlatforms) = postSolution
		{B4012188-9C68-4989-A9BD-0D5E3EFC625F}.Debug|Any CPU.ActiveCfg = Debug|Any CPU
		{B4012188-9C68-4989-A9BD-0D5E3EFC625F}.Debug|Any CPU.Build.0 = Debug|Any CPU
		{B4012188-9C68-4989-A9BD-0D5E3EFC625F}.Release|Any CPU.ActiveCfg = Release|Any CPU
		{B4012188-9C68-4989-A9BD-0D5E3EFC625F}.Release|Any CPU.Build.0 = Release|Any CPU
	EndGlobalSection
	GlobalSection(SolutionProperties) = preSolution
		HideSolutionNode = FALSE
	EndGlobalSection
	GlobalSection(ExtensibilityGlobals) = postSolution
		SolutionGuid = {4796E849-5A73-4175-A5E2-412BE28A2106}
	EndGlobalSection
EndGlobal
